
Microsoft Visual Studio Solution File, Format Version 12.00
# Visual Studio Version 16
VisualStudioVersion = 16.0.30717.126
MinimumVisualStudioVersion = 10.0.40219.1
Project("{FAE04EC0-301F-11D3-BF4B-00C04F79EFBC}") = "Aman_WebAPI", "Aman_WebAPI.csproj", "{2178E6BE-AB57-4C23-A93B-BD3AD63B7359}"
EndProject
Global
	GlobalSection(SolutionConfigurationPlatforms) = preSolution
		Debug|Any CPU = Debug|Any CPU
		Release|Any CPU = Release|Any CPU
	EndGlobalSection
	GlobalSection(ProjectConfigurationPlatforms) = postSolution
		{2178E6BE-AB57-4C23-A93B-BD3AD63B7359}.Debug|Any CPU.ActiveCfg = Debug|Any CPU
		{2178E6BE-AB57-4C23-A93B-BD3AD63B7359}.Debug|Any CPU.Build.0 = Debug|Any CPU
		{2178E6BE-AB57-4C23-A93B-BD3AD63B7359}.Release|Any CPU.ActiveCfg = Release|Any CPU
		{2178E6BE-AB57-4C23-A93B-BD3AD63B7359}.Release|Any CPU.Build.0 = Release|Any CPU
	EndGlobalSection
	GlobalSection(SolutionProperties) = preSolution
		HideSolutionNode = FALSE
	EndGlobalSection
	GlobalSection(ExtensibilityGlobals) = postSolution
		SolutionGuid = {DF725C97-63E2-4FB8-968A-2710E6A64529}
	EndGlobalSection
EndGlobal
